[[package]]
name = "arrow"
version = "1.2.3"
description = "Better dates & times for Python"
category = "main"
optional = false
python-versions = ">=3.6"

[package.dependencies]
python-dateutil = ">=2.7.0"

[[package]]
name = "atomicwrites"
version = "1.4.1"
description = "Atomic file writes."
category = "dev"
optional = false
python-versions = ">=2.7, !=3.0.*, !=3.1.*, !=3.2.*, !=3.3.*"

[[package]]
name = "attrs"
version = "22.2.0"
description = "Classes Without Boilerplate"
category = "dev"
optional = false
python-versions = ">=3.6"

[package.extras]
cov = ["attrs", "coverage-enable-subprocess", "coverage[toml] (>=5.3)"]
dev = ["attrs"]
docs = ["furo", "sphinx", "myst-parser", "zope.interface", "sphinx-notfound-page", "sphinxcontrib-towncrier", "towncrier"]
tests = ["attrs", "zope.interface"]
tests-no-zope = ["hypothesis", "pympler", "pytest (>=4.3.0)", "pytest-xdist", "cloudpickle", "mypy (>=0.971,<0.990)", "pytest-mypy-plugins"]
tests_no_zope = ["hypothesis", "pympler", "pytest (>=4.3.0)", "pytest-xdist", "cloudpickle", "mypy (>=0.971,<0.990)", "pytest-mypy-plugins"]

[[package]]
name = "autopep8"
version = "2.0.1"
description = "A tool that automatically formats Python code to conform to the PEP 8 style guide"
category = "dev"
optional = false
python-versions = ">=3.6"

[package.dependencies]
pycodestyle = ">=2.10.0"
tomli = {version = "*", markers = "python_version < \"3.11\""}

[[package]]
name = "basemap"
version = "1.3.6"
description = "Plot data on map projections with matplotlib"
category = "main"
optional = false
python-versions = ">=2.6, !=3.0.*, !=3.1.*, <4"

[package.dependencies]
basemap-data = ">=1.3.2,<1.4"
matplotlib = {version = ">=1.5,<3.7", markers = "python_version >= \"3.5\""}
numpy = {version = ">=1.22,<1.24", markers = "python_version >= \"3.8\""}
pyproj = {version = ">=1.9.3,<3.5.0", markers = "python_version >= \"3.5\""}
pyshp = {version = ">=1.2,<2.4", markers = "python_version >= \"2.7\""}

[package.extras]
doc = ["sphinx (>=3.0,<5.0)"]
lint = ["unittest2", "flake8 (>=2.6,<3.0)", "flake8 (>=2.6,<4.0)", "astroid (>=1.6,<2.0)", "pylint (>=1.9,<2.0)", "flake8 (>=2.6,<3.0)", "flake8 (>=2.6,<3.0)", "flake8 (>=2.6,<3.9)", "flake8 (>=2.6,<4.1)", "astroid (>=2.4,<3.0)", "pylint (>=2.6,<3.0)"]
test = ["netCDF4 (>=1.3,<1.4)", "unittest2", "pytest (>=3.2,<3.3)", "pytest-cov (>=2.5,<2.6)", "ordereddict", "pillow (>=3.4.0,<4.0.0)", "pytest (>=3.2,<5.0)", "pytest-cov (>=2.5,<3.0)", "pillow (>=6.2.2,<7.0.0)", "pytest (>=2.9,<3.0)", "coverage (>=3.7,<4.0)", "pytest-cov (>=2.5,<2.6)", "pillow (>=3.4.0,<4.0.0)", "pytest (>=3.2,<3.3)", "pytest-cov (>=2.5,<2.6)", "pillow (>=4.3.0,<5.0.0)", "typing (>=3.5,<3.11)", "pytest (>=3.2,<5.0)", "pytest-cov (>=2.5,<2.9)", "pillow (>=5.4.0,<6.0.0)", "pytest (>=3.2,<6.2)", "pillow (>=7.1.0,<8.0.0)", "pillow (>=8.3.2,<9.0.0)", "pytest-cov (>=2.5,<3.1)", "pytest (>=6.2.5,<6.3)", "netCDF4 (>=1.3,<1.5.6)", "pillow (>=9.0.1,<10.0.0)"]

[[package]]
name = "basemap-data"
version = "1.3.2"
description = "Data assets for matplotlib basemap"
category = "main"
optional = false
python-versions = ">=2.6, !=3.0.*, !=3.1.*, <4"

[[package]]
name = "basemap-data-hires"
version = "1.3.2"
description = "High-resolution data assets for matplotlib basemap"
category = "main"
optional = false
python-versions = ">=2.6, !=3.0.*, !=3.1.*, <4"

[[package]]
name = "black"
version = "23.1.0"
description = "The uncompromising code formatter."
category = "dev"
optional = false
python-versions = ">=3.7"

[package.dependencies]
click = ">=8.0.0"
mypy-extensions = ">=0.4.3"
packaging = ">=22.0"
pathspec = ">=0.9.0"
platformdirs = ">=2"
tomli = {version = ">=1.1.0", markers = "python_version < \"3.11\""}

[package.extras]
colorama = ["colorama (>=0.4.3)"]
d = ["aiohttp (>=3.7.4)"]
jupyter = ["ipython (>=7.8.0)", "tokenize-rt (>=3.2.0)"]
uvloop = ["uvloop (>=0.15.2)"]

[[package]]
name = "bleach"
version = "6.0.0"
description = "An easy safelist-based HTML-sanitizing tool."
category = "main"
optional = false
python-versions = ">=3.7"

[package.dependencies]
six = ">=1.9.0"
webencodings = "*"

[package.extras]
css = ["tinycss2 (>=1.1.0,<1.2)"]

[[package]]
name = "bokeh"
version = "2.4.3"
description = "Interactive plots and applications in the browser from Python"
category = "main"
optional = false
python-versions = ">=3.7"

[package.dependencies]
Jinja2 = ">=2.9"
numpy = ">=1.11.3"
packaging = ">=16.8"
pillow = ">=7.1.0"
PyYAML = ">=3.10"
tornado = ">=5.1"
typing-extensions = ">=3.10.0"

[[package]]
name = "cartopy"
version = "0.20.2"
description = "A cartographic python library with Matplotlib support for visualisation"
category = "main"
optional = false
python-versions = ">=3.7"

[package.dependencies]
matplotlib = ">=3.1"
numpy = ">=1.18"
pyproj = ">=3.0.0"
pyshp = ">=2.1"
shapely = ">=1.6.4"

[package.extras]
ows = ["OWSLib (>=0.18.0)", "pillow (>=6.1.0)"]
plotting = ["GDAL (>=2.3.2)", "pillow (>=6.1.0)", "scipy (>=1.3.1)"]
tests = ["flufl.lock", "packaging (>=20)", "pytest (>=5.1.2)"]

[[package]]
name = "certifi"
version = "2022.12.7"
description = "Python package for providing Mozilla's CA Bundle."
category = "main"
optional = false
python-versions = ">=3.6"

[[package]]
name = "charset-normalizer"
version = "3.0.1"
description = "The Real First Universal Charset Detector. Open, modern and actively maintained alternative to Chardet."
category = "main"
optional = false
python-versions = "*"

[[package]]
name = "click"
version = "8.1.3"
description = "Composable command line interface toolkit"
category = "main"
optional = false
python-versions = ">=3.7"

[package.dependencies]
colorama = {version = "*", markers = "platform_system == \"Windows\""}

[[package]]
name = "colorama"
version = "0.4.6"
description = "Cross-platform colored terminal text."
category = "main"
optional = false
python-versions = "!=3.0.*,!=3.1.*,!=3.2.*,!=3.3.*,!=3.4.*,!=3.5.*,!=3.6.*,>=2.7"

[[package]]
name = "colorcet"
version = "3.0.1"
description = "Collection of perceptually uniform colormaps"
category = "main"
optional = false
python-versions = ">=2.7"

[package.dependencies]
pyct = ">=0.4.4"

[package.extras]
all = ["bokeh", "flake8", "holoviews", "matplotlib", "nbsite (>=0.7.2rc10)", "nbsmoke (>=0.2.6)", "numpy", "pyct (>=0.4.4)", "pydata-sphinx-theme (<0.9.0)", "pytest (>=2.8.5)", "pytest-cov", "pytest-mpl", "setuptools (>=30.3.0)", "sphinx-copybutton", "wheel"]
build = ["pyct (>=0.4.4)", "setuptools (>=30.3.0)", "wheel"]
doc = ["numpy", "holoviews", "matplotlib", "bokeh", "nbsite (>=0.7.2rc10)", "pydata-sphinx-theme (<0.9.0)", "sphinx-copybutton"]
examples = ["numpy", "holoviews", "matplotlib", "bokeh"]
tests = ["flake8", "nbsmoke (>=0.2.6)", "pytest (>=2.8.5)", "pytest-cov"]
tests_extra = ["flake8", "nbsmoke (>=0.2.6)", "pytest (>=2.8.5)", "pytest-cov", "pytest-mpl"]

[[package]]
name = "contourpy"
version = "1.0.7"
description = "Python library for calculating contours of 2D quadrilateral grids"
category = "main"
optional = false
python-versions = ">=3.8"

[package.dependencies]
numpy = ">=1.16"

[package.extras]
bokeh = ["bokeh", "chromedriver", "selenium"]
docs = ["furo", "sphinx-copybutton"]
mypy = ["contourpy", "docutils-stubs", "mypy (==0.991)", "types-pillow"]
test = ["matplotlib", "pillow", "pytest"]
test-no-images = ["pytest"]

[[package]]
name = "cycler"
version = "0.11.0"
description = "Composable style cycles"
category = "main"
optional = false
python-versions = ">=3.6"

[[package]]
name = "flask"
version = "2.2.3"
description = "A simple framework for building complex web applications."
category = "main"
optional = false
python-versions = ">=3.7"

[package.dependencies]
click = ">=8.0"
itsdangerous = ">=2.0"
Jinja2 = ">=3.0"
Werkzeug = ">=2.2.2"

[package.extras]
async = ["asgiref (>=3.2)"]
dotenv = ["python-dotenv"]

[[package]]
name = "fonttools"
version = "4.38.0"
description = "Tools to manipulate font files"
category = "main"
optional = false
python-versions = ">=3.7"

[package.extras]
all = ["fs (>=2.2.0,<3)", "lxml (>=4.0,<5)", "zopfli (>=0.1.4)", "lz4 (>=1.7.4.2)", "matplotlib", "sympy", "skia-pathops (>=0.5.0)", "uharfbuzz (>=0.23.0)", "brotlicffi (>=0.8.0)", "scipy", "brotli (>=1.0.1)", "munkres", "unicodedata2 (>=14.0.0)", "xattr"]
graphite = ["lz4 (>=1.7.4.2)"]
interpolatable = ["scipy", "munkres"]
lxml = ["lxml (>=4.0,<5)"]
pathops = ["skia-pathops (>=0.5.0)"]
plot = ["matplotlib"]
repacker = ["uharfbuzz (>=0.23.0)"]
symfont = ["sympy"]
type1 = ["xattr"]
ufo = ["fs (>=2.2.0,<3)"]
unicode = ["unicodedata2 (>=14.0.0)"]
woff = ["zopfli (>=0.1.4)", "brotlicffi (>=0.8.0)", "brotli (>=1.0.1)"]

[[package]]
name = "geos"
version = "0.2.3"
description = "Map server to view, measure and print maps in a web browserand to display maps as an overlay in google earth."
category = "main"
optional = false
python-versions = "*"

[package.dependencies]
flask = "*"
lxml = "*"
pillow = "*"

[package.extras]
test = ["pytest"]

[[package]]
name = "geoviews"
version = "1.9.6"
description = "GeoViews is a Python library that makes it easy to explore and visualize geographical, meteorological, and oceanographic datasets, such as those used in weather, climate, and remote sensing research."
category = "main"
optional = false
python-versions = ">=3.7"

[package.dependencies]
bokeh = ">=2.4.0,<2.5"
cartopy = ">=0.18.0"
holoviews = ">=1.14.2"
numpy = "*"
packaging = "*"
panel = "*"
param = "*"
shapely = "*"

[package.extras]
all = ["cartopy (>=0.20.0)", "codecov", "datashader", "fiona", "flake8", "geopandas", "graphviz", "iris", "jupyter", "lxml", "matplotlib (>2.2)", "mock", "nbsite (>=0.7.2rc10)", "nbsmoke (>=0.2.0)", "netcdf4", "pandas", "pooch", "pyct", "pydata-sphinx-theme (==0.9.0)", "pytest", "pytest-cov", "scipy", "selenium", "shapely", "sphinx-copybutton", "xarray", "xesmf"]
build = ["param (>=1.9.2)", "pyct (>=0.4.4)", "bokeh (>=2.4,<2.5)", "pyviz-comms (>=0.6.0)"]
doc = ["geopandas", "netcdf4", "jupyter", "matplotlib (>2.2)", "pandas", "pyct", "scipy", "shapely", "xarray", "pooch", "datashader", "iris", "xesmf", "mock", "fiona", "nbsite (>=0.7.2rc10)", "cartopy (>=0.20.0)", "graphviz", "lxml", "selenium", "pydata-sphinx-theme (==0.9.0)", "sphinx-copybutton"]
examples_extra = ["geopandas", "netcdf4", "jupyter", "matplotlib (>2.2)", "pandas", "pyct", "scipy", "shapely", "xarray", "pooch", "datashader", "iris", "xesmf", "mock", "fiona"]
recommended = ["geopandas", "netcdf4", "jupyter", "matplotlib (>2.2)", "pandas", "pyct", "scipy", "shapely", "xarray", "pooch", "datashader"]
tests = ["pytest-cov", "codecov", "flake8", "nbsmoke (>=0.2.0)", "pytest", "fiona"]

[[package]]
name = "holoviews"
version = "1.15.4"
description = "Stop plotting your data - annotate your data and let it visualize itself."
category = "main"
optional = false
python-versions = ">=3.7"

[package.dependencies]
colorcet = "*"
numpy = ">=1.0"
packaging = "*"
pandas = ">=0.20.0"
panel = ">=0.13.1"
param = ">=1.9.3,<2.0"
pyviz-comms = ">=0.7.4"

[package.extras]
all = ["bokeh", "bokeh (>2.2)", "bokeh (>=2.4.3)", "cftime", "codecov", "cudf", "dash (>=1.16)", "dask", "datashader (>=0.11.1)", "ffmpeg", "flake8", "graphviz", "ibis-framework", "ipykernel (<6.18.0)", "ipython (>=5.4.0)", "matplotlib (>=3)", "mpl-sample-data (>=3.1.3)", "nbconvert", "nbsite (==0.8.0rc2)", "nbval", "netcdf4", "networkx", "notebook", "numpy (<1.24)", "pillow", "plotly (>=4.0)", "pooch", "pre-commit", "pscript", "pscript (==0.7.1)", "pyarrow", "pydata-sphinx-theme (==0.9.0)", "pytest", "pytest-cov", "pytest-xdist", "scikit-image", "scipy", "selenium", "shapely", "spatialpandas", "sphinx-copybutton", "streamz (>=0.5.0)", "xarray (>=0.10.4)"]
tests_core = ["pillow", "pytest", "pytest-cov", "pytest-xdist", "matplotlib (>=3)", "nbconvert", "bokeh", "plotly (>=4.0)", "dash (>=1.16)", "codecov", "ipython (>=5.4.0)", "ipykernel (<6.18.0)"]
build = ["param (>=1.7.0)", "setuptools (>=30.3.0)", "pyct (>=0.4.4)"]
doc = ["ipython (>=5.4.0)", "notebook", "matplotlib (>=3)", "bokeh (>=2.4.3)", "networkx", "pillow", "xarray (>=0.10.4)", "plotly (>=4.0)", "dash (>=1.16)", "streamz (>=0.5.0)", "ffmpeg", "cftime", "netcdf4", "dask", "scipy", "shapely", "scikit-image", "pyarrow", "pooch", "numpy (<1.24)", "datashader (>=0.11.1)", "nbsite (==0.8.0rc2)", "mpl-sample-data (>=3.1.3)", "pscript", "graphviz", "bokeh (>2.2)", "pydata-sphinx-theme (==0.9.0)", "sphinx-copybutton", "selenium"]
examples = ["ipython (>=5.4.0)", "notebook", "matplotlib (>=3)", "bokeh (>=2.4.3)", "networkx", "pillow", "xarray (>=0.10.4)", "plotly (>=4.0)", "dash (>=1.16)", "streamz (>=0.5.0)", "ffmpeg", "cftime", "netcdf4", "dask", "scipy", "shapely", "scikit-image", "pyarrow", "pooch", "numpy (<1.24)", "datashader (>=0.11.1)"]
examples_tests = ["ipython (>=5.4.0)", "notebook", "matplotlib (>=3)", "bokeh (>=2.4.3)", "networkx", "pillow", "xarray (>=0.10.4)", "plotly (>=4.0)", "dash (>=1.16)", "streamz (>=0.5.0)", "ffmpeg", "cftime", "netcdf4", "dask", "scipy", "shapely", "scikit-image", "pyarrow", "pooch", "numpy (<1.24)", "datashader (>=0.11.1)", "nbval"]
extras = ["ipython (>=5.4.0)", "notebook", "matplotlib (>=3)", "bokeh (>=2.4.3)", "networkx", "pillow", "xarray (>=0.10.4)", "plotly (>=4.0)", "dash (>=1.16)", "streamz (>=0.5.0)", "ffmpeg", "cftime", "netcdf4", "dask", "scipy", "shapely", "scikit-image", "pyarrow", "pooch", "numpy (<1.24)", "datashader (>=0.11.1)", "pscript (==0.7.1)"]
flakes = ["flake8", "pre-commit"]
notebook = ["ipython (>=5.4.0)", "notebook"]
recommended = ["ipython (>=5.4.0)", "notebook", "matplotlib (>=3)", "bokeh (>=2.4.3)"]
tests = ["pytest", "pytest-cov", "pytest-xdist", "matplotlib (>=3)", "nbconvert", "bokeh", "pillow", "plotly (>=4.0)", "dash (>=1.16)", "codecov", "ipython (>=5.4.0)", "ipykernel (<6.18.0)", "dask", "ibis-framework", "xarray (>=0.10.4)", "networkx", "shapely", "ffmpeg", "cftime", "scipy", "selenium", "numpy (<1.24)", "spatialpandas", "datashader (>=0.11.1)"]
tests_gpu = ["pytest", "pytest-cov", "pytest-xdist", "matplotlib (>=3)", "nbconvert", "bokeh", "pillow", "plotly (>=4.0)", "dash (>=1.16)", "codecov", "ipython (>=5.4.0)", "ipykernel (<6.18.0)", "dask", "ibis-framework", "xarray (>=0.10.4)", "networkx", "shapely", "ffmpeg", "cftime", "scipy", "selenium", "numpy (<1.24)", "spatialpandas", "datashader (>=0.11.1)", "cudf"]
tests_nb = ["nbval"]
unit_tests = ["ipython (>=5.4.0)", "notebook", "matplotlib (>=3)", "bokeh (>=2.4.3)", "networkx", "pillow", "xarray (>=0.10.4)", "plotly (>=4.0)", "dash (>=1.16)", "streamz (>=0.5.0)", "ffmpeg", "cftime", "netcdf4", "dask", "scipy", "shapely", "scikit-image", "pyarrow", "pooch", "numpy (<1.24)", "datashader (>=0.11.1)", "pytest", "pytest-cov", "pytest-xdist", "nbconvert", "bokeh", "codecov", "ipykernel (<6.18.0)", "ibis-framework", "selenium", "spatialpandas", "flake8", "pre-commit"]

[[package]]
name = "idna"
version = "3.4"
description = "Internationalized Domain Names in Applications (IDNA)"
category = "main"
optional = false
python-versions = ">=3.5"

[[package]]
name = "itsdangerous"
version = "2.1.2"
description = "Safely pass data to untrusted environments and back."
category = "main"
optional = false
python-versions = ">=3.7"

[[package]]
name = "jinja2"
version = "3.1.2"
description = "A very fast and expressive template engine."
category = "main"
optional = false
python-versions = ">=3.7"

[package.dependencies]
MarkupSafe = ">=2.0"

[package.extras]
i18n = ["Babel (>=2.7)"]

[[package]]
name = "kiwisolver"
version = "1.4.4"
description = "A fast implementation of the Cassowary constraint solver"
category = "main"
optional = false
python-versions = ">=3.7"

[[package]]
name = "lxml"
version = "4.9.2"
description = "Powerful and Pythonic XML processing library combining libxml2/libxslt with the ElementTree API."
category = "main"
optional = false
python-versions = ">=2.7, !=3.0.*, !=3.1.*, !=3.2.*, !=3.3.*, != 3.4.*"

[package.extras]
cssselect = ["cssselect (>=0.7)"]
html5 = ["html5lib"]
htmlsoup = ["beautifulsoup4"]
source = ["Cython (>=0.29.7)"]

[[package]]
name = "markdown"
version = "3.4.1"
description = "Python implementation of Markdown."
category = "main"
optional = false
python-versions = ">=3.7"

[package.extras]
testing = ["coverage", "pyyaml"]

[[package]]
name = "markupsafe"
version = "2.1.2"
description = "Safely add untrusted strings to HTML/XML markup."
category = "main"
optional = false
python-versions = ">=3.7"

[[package]]
name = "matplotlib"
version = "3.6.0"
description = "Python plotting package"
category = "main"
optional = false
python-versions = ">=3.8"

[package.dependencies]
contourpy = ">=1.0.1"
cycler = ">=0.10"
fonttools = ">=4.22.0"
kiwisolver = ">=1.0.1"
numpy = ">=1.19"
packaging = ">=20.0"
pillow = ">=6.2.0"
pyparsing = ">=2.2.1"
python-dateutil = ">=2.7"
setuptools_scm = ">=7"

[[package]]
name = "more-itertools"
version = "9.0.0"
description = "More routines for operating on iterables, beyond itertools"
category = "dev"
optional = false
python-versions = ">=3.7"

[[package]]
name = "mypy"
version = "1.0.1"
description = "Optional static typing for Python"
category = "dev"
optional = false
python-versions = ">=3.7"

[package.dependencies]
mypy-extensions = ">=0.4.3"
tomli = {version = ">=1.1.0", markers = "python_version < \"3.11\""}
typing-extensions = ">=3.10"

[package.extras]
dmypy = ["psutil (>=4.0)"]
install-types = ["pip"]
python2 = ["typed-ast (>=1.4.0,<2)"]
reports = ["lxml"]

[[package]]
name = "mypy-extensions"
version = "1.0.0"
description = "Type system extensions for programs checked with the mypy type checker."
category = "dev"
optional = false
python-versions = ">=3.5"

[[package]]
name = "numpy"
version = "1.23.5"
description = "NumPy is the fundamental package for array computing with Python."
category = "main"
optional = false
python-versions = ">=3.8"

[[package]]
name = "packaging"
version = "23.0"
description = "Core utilities for Python packages"
category = "main"
optional = false
python-versions = ">=3.7"

[[package]]
name = "pandas"
version = "1.5.3"
description = "Powerful data structures for data analysis, time series, and statistics"
category = "main"
optional = false
python-versions = ">=3.8"

[package.dependencies]
numpy = [
    {version = ">=1.21.0", markers = "python_version >= \"3.10\""},
    {version = ">=1.23.2", markers = "python_version >= \"3.11\""},
]
python-dateutil = ">=2.8.1"
pytz = ">=2020.1"

[package.extras]
test = ["hypothesis (>=5.5.3)", "pytest (>=6.0)", "pytest-xdist (>=1.31)"]

[[package]]
name = "panel"
version = "0.14.3"
description = "A high level app and dashboarding solution for Python."
category = "main"
optional = false
python-versions = ">=3.7"

[package.dependencies]
bleach = "*"
bokeh = ">=2.4.0,<2.5.0"
markdown = "*"
param = ">=1.12.0"
pyct = ">=0.4.4"
pyviz-comms = ">=0.7.4"
requests = "*"
tqdm = ">=4.48.0"
typing-extensions = "*"

[package.extras]
all = ["aiohttp", "altair", "channels", "croniter", "datashader", "diskcache", "django (<4)", "flake8", "flaky", "folium", "graphviz", "holoviews", "holoviews (>1.14.1)", "hvplot", "ipyleaflet", "ipympl", "ipython (>=7.0)", "ipyvolume", "ipyvuetify", "ipywidgets", "ipywidgets-bokeh", "jupyter-bokeh (>=3.0.2)", "jupyterlab", "lxml", "markdown-it-py", "matplotlib", "nbsite (>=0.7.2rc2)", "nbval", "networkx (>=2.5)", "numpy (<1.24)", "pandas (>=1.3)", "parameterized", "pillow", "playwright", "plotly", "plotly (>=4.0)", "pre-commit", "psutil", "pydata-sphinx-theme (<=0.9.0)", "pydeck", "pygraphviz", "pyinstrument (>=4.0)", "pytest", "pytest-cov", "pytest-playwright", "pytest-xdist", "python-graphviz", "pyvista (<0.33)", "reacton", "scikit-image", "scikit-learn", "scipy", "seaborn", "sphinx-copybutton", "sphinx-design", "streamz", "twine", "vega-datasets", "vtk (==9.0.1)", "xarray", "xgboost"]
build = ["param (>=1.9.2)", "pyct (>=0.4.4)", "setuptools (>=42)", "bokeh (>=2.4.3,<2.5.0)", "pyviz-comms (>=0.7.4)", "requests", "packaging", "bleach", "tqdm (>=4.48.0)"]
doc = ["jupyterlab", "holoviews (>1.14.1)", "matplotlib", "pillow", "plotly", "nbsite (>=0.7.2rc2)", "pydata-sphinx-theme (<=0.9.0)", "sphinx-copybutton", "sphinx-design"]
examples = ["hvplot", "plotly (>=4.0)", "altair", "streamz", "vega-datasets", "vtk (==9.0.1)", "scikit-learn", "datashader", "jupyter-bokeh (>=3.0.2)", "django (<4)", "channels", "pyvista (<0.33)", "ipywidgets", "ipywidgets-bokeh", "ipyvolume", "ipyleaflet", "ipympl", "folium", "xarray", "pyinstrument (>=4.0)", "aiohttp", "croniter", "graphviz", "networkx (>=2.5)", "pygraphviz", "seaborn", "pydeck", "lxml", "python-graphviz", "xgboost", "ipyvuetify", "reacton", "scikit-image"]
recommended = ["jupyterlab", "holoviews (>1.14.1)", "matplotlib", "pillow", "plotly"]
tests = ["flake8", "parameterized", "pytest", "nbval", "flaky", "pytest-xdist", "pytest-cov", "pre-commit", "psutil", "folium", "ipympl", "scipy", "twine", "pandas (>=1.3)", "ipython (>=7.0)", "holoviews", "diskcache", "markdown-it-py", "ipyvuetify", "reacton", "lxml", "numpy (<1.24)"]
ui = ["playwright", "pytest-playwright"]

[[package]]
name = "param"
version = "1.12.3"
description = "Make your Python code clearer and more reliable by declaring Parameters."
category = "main"
optional = false
python-versions = ">=2.7"

[package.extras]
all = ["aiohttp", "flake8", "graphviz", "ipython (!=8.7.0)", "myst-parser", "myst-nb (==0.12.2)", "nbconvert", "nbsite (==0.8.0rc2)", "pandas", "panel", "pydata-sphinx-theme (<0.9.0)", "pygraphviz", "pytest", "pytest-cov", "sphinx-copybutton"]
doc = ["pygraphviz", "nbsite (==0.8.0rc2)", "pydata-sphinx-theme (<0.9.0)", "myst-parser", "nbconvert", "graphviz", "myst-nb (==0.12.2)", "sphinx-copybutton", "aiohttp", "panel", "pandas", "ipython (!=8.7.0)"]
tests = ["pytest", "pytest-cov", "flake8"]

[[package]]
name = "pathspec"
version = "0.11.0"
description = "Utility library for gitignore style pattern matching of file paths."
category = "dev"
optional = false
python-versions = ">=3.7"

[[package]]
name = "pillow"
version = "9.4.0"
description = "Python Imaging Library (Fork)"
category = "main"
optional = false
python-versions = ">=3.7"

[package.extras]
docs = ["furo", "olefile", "sphinx (>=2.4)", "sphinx-copybutton", "sphinx-inline-tabs", "sphinx-issues (>=3.0.1)", "sphinx-removed-in", "sphinxext-opengraph"]
tests = ["check-manifest", "coverage", "defusedxml", "markdown2", "olefile", "packaging", "pyroma", "pytest", "pytest-cov", "pytest-timeout"]

[[package]]
name = "platformdirs"
version = "3.0.0"
description = "A small Python package for determining appropriate platform-specific dirs, e.g. a \"user data dir\"."
category = "dev"
optional = false
python-versions = ">=3.7"

[package.extras]
docs = ["furo (>=2022.12.7)", "proselint (>=0.13)", "sphinx-autodoc-typehints (>=1.22,!=1.23.4)", "sphinx (>=6.1.3)"]
test = ["appdirs (==1.4.4)", "covdefaults (>=2.2.2)", "pytest-cov (>=4)", "pytest-mock (>=3.10)", "pytest (>=7.2.1)"]

[[package]]
name = "pluggy"
version = "0.13.1"
description = "plugin and hook calling mechanisms for python"
category = "dev"
optional = false
python-versions = ">=2.7, !=3.0.*, !=3.1.*, !=3.2.*, !=3.3.*"

[package.extras]
dev = ["pre-commit", "tox"]

[[package]]
name = "proj"
version = "0.2.0"
description = "A command-line manager for archiving and retrieving projects."
category = "main"
optional = false
python-versions = "*"

[package.dependencies]
arrow = ">=0.15.6"
click = ">=7.1.2"

[[package]]
name = "py"
version = "1.11.0"
description = "library with cross-python path, ini-parsing, io, code, log facilities"
category = "dev"
optional = false
python-versions = ">=2.7, !=3.0.*, !=3.1.*, !=3.2.*, !=3.3.*, !=3.4.*"

[[package]]
name = "pycodestyle"
version = "2.10.0"
description = "Python style guide checker"
category = "dev"
optional = false
python-versions = ">=3.6"

[[package]]
name = "pyct"
version = "0.5.0"
description = "Python package common tasks for users (e.g. copy examples, fetch data, ...)"
category = "main"
optional = false
python-versions = ">=3.7"

[package.dependencies]
param = ">=1.7.0"

[package.extras]
build = ["setuptools", "param (>=1.7.0)"]
cmd = ["pyyaml", "requests"]
doc = ["nbsite", "sphinx-ioam-theme"]
tests = ["flake8", "pytest"]

[[package]]
name = "pyparsing"
version = "3.0.9"
description = "pyparsing module - Classes and methods to define and execute parsing grammars"
category = "main"
optional = false
python-versions = ">=3.6.8"

[package.extras]
diagrams = ["railroad-diagrams", "jinja2"]

[[package]]
name = "pyproj"
version = "3.4.1"
description = "Python interface to PROJ (cartographic projections and coordinate transformations library)"
category = "main"
optional = false
python-versions = ">=3.8"

[package.dependencies]
certifi = "*"

[[package]]
name = "pyshp"
version = "2.3.1"
description = "Pure Python read/write support for ESRI Shapefile format"
category = "main"
optional = false
python-versions = ">=2.7"

[[package]]
name = "pytest"
version = "5.4.3"
description = "pytest: simple powerful testing with Python"
category = "dev"
optional = false
python-versions = ">=3.5"

[package.dependencies]
atomicwrites = {version = ">=1.0", markers = "sys_platform == \"win32\""}
attrs = ">=17.4.0"
colorama = {version = "*", markers = "sys_platform == \"win32\""}
more-itertools = ">=4.0.0"
packaging = "*"
pluggy = ">=0.12,<1.0"
py = ">=1.5.0"
wcwidth = "*"

[package.extras]
checkqa-mypy = ["mypy (==v0.761)"]
testing = ["argcomplete", "hypothesis (>=3.56)", "mock", "nose", "requests", "xmlschema"]

[[package]]
name = "python-dateutil"
version = "2.8.2"
description = "Extensions to the standard Python datetime module"
category = "main"
optional = false
python-versions = "!=3.0.*,!=3.1.*,!=3.2.*,>=2.7"

[package.dependencies]
six = ">=1.5"

[[package]]
name = "pytz"
version = "2022.7.1"
description = "World timezone definitions, modern and historical"
category = "main"
optional = false
python-versions = "*"

[[package]]
name = "pyviz-comms"
version = "2.2.1"
description = "Bidirectional communication for the HoloViz ecosystem."
category = "main"
optional = false
python-versions = ">=3.6"

[package.dependencies]
param = "*"

[package.extras]
all = ["flake8", "jupyter-packaging (>=0.7.9,<0.8.0)", "jupyterlab (>=3.0,<4.0)", "keyring", "pytest", "rfc3986", "setuptools (>=40.8.0,<61)", "twine"]
build = ["setuptools (>=40.8.0,<61)", "jupyterlab (>=3.0,<4.0)", "jupyter-packaging (>=0.7.9,<0.8.0)", "twine", "rfc3986", "keyring"]
tests = ["flake8", "pytest"]

[[package]]
name = "pyyaml"
version = "6.0"
description = "YAML parser and emitter for Python"
category = "main"
optional = false
python-versions = ">=3.6"

[[package]]
name = "requests"
version = "2.28.2"
description = "Python HTTP for Humans."
category = "main"
optional = false
python-versions = ">=3.7, <4"

[package.dependencies]
certifi = ">=2017.4.17"
charset-normalizer = ">=2,<4"
idna = ">=2.5,<4"
urllib3 = ">=1.21.1,<1.27"

[package.extras]
socks = ["PySocks (>=1.5.6,!=1.5.7)"]
use_chardet_on_py3 = ["chardet (>=3.0.2,<6)"]

[[package]]
name = "setuptools-scm"
version = "7.1.0"
description = "the blessed package to manage your versions by scm tags"
category = "main"
optional = false
python-versions = ">=3.7"

[package.dependencies]
packaging = ">=20.0"
tomli = {version = ">=1.0.0", markers = "python_version < \"3.11\""}
typing-extensions = "*"

[package.extras]
test = ["pytest (>=6.2)", "virtualenv (>20)"]
toml = ["setuptools (>=42)"]

[[package]]
name = "shapely"
version = "2.0.1"
description = "Manipulation and analysis of geometric objects"
category = "main"
optional = false
python-versions = ">=3.7"

[package.dependencies]
numpy = ">=1.14"

[package.extras]
docs = ["numpydoc (>=1.1.0,<1.2.0)", "matplotlib", "sphinx", "sphinx-book-theme", "sphinx-remove-toctrees"]
test = ["pytest", "pytest-cov"]

[[package]]
name = "six"
version = "1.16.0"
description = "Python 2 and 3 compatibility utilities"
category = "main"
optional = false
python-versions = ">=2.7, !=3.0.*, !=3.1.*, !=3.2.*"

[[package]]
name = "tomli"
version = "2.0.1"
description = "A lil' TOML parser"
category = "main"
optional = false
python-versions = ">=3.7"

[[package]]
name = "tornado"
version = "6.2"
description = "Tornado is a Python web framework and asynchronous networking library, originally developed at FriendFeed."
category = "main"
optional = false
python-versions = ">= 3.7"

[[package]]
name = "tqdm"
version = "4.64.1"
description = "Fast, Extensible Progress Meter"
category = "main"
optional = false
python-versions = "!=3.0.*,!=3.1.*,!=3.2.*,!=3.3.*,>=2.7"

[package.dependencies]
colorama = {version = "*", markers = "platform_system == \"Windows\""}

[package.extras]
dev = ["py-make (>=0.1.0)", "twine", "wheel"]
notebook = ["ipywidgets (>=6)"]
slack = ["slack-sdk"]
telegram = ["requests"]

[[package]]
name = "typing-extensions"
version = "4.5.0"
description = "Backported and Experimental Type Hints for Python 3.7+"
category = "main"
optional = false
python-versions = ">=3.7"

[[package]]
name = "urllib3"
version = "1.26.14"
description = "HTTP library with thread-safe connection pooling, file post, and more."
category = "main"
optional = false
python-versions = ">=2.7, !=3.0.*, !=3.1.*, !=3.2.*, !=3.3.*, !=3.4.*, !=3.5.*"

[package.extras]
brotli = ["brotlicffi (>=0.8.0)", "brotli (>=1.0.9)", "brotlipy (>=0.6.0)"]
secure = ["pyOpenSSL (>=0.14)", "cryptography (>=1.3.4)", "idna (>=2.0.0)", "certifi", "urllib3-secure-extra", "ipaddress"]
socks = ["PySocks (>=1.5.6,!=1.5.7,<2.0)"]

[[package]]
name = "wcwidth"
version = "0.2.6"
description = "Measures the displayed width of unicode strings in a terminal"
category = "dev"
optional = false
python-versions = "*"

[[package]]
name = "webencodings"
version = "0.5.1"
description = "Character encoding aliases for legacy web content"
category = "main"
optional = false
python-versions = "*"

[[package]]
name = "werkzeug"
version = "2.2.3"
description = "The comprehensive WSGI web application library."
category = "main"
optional = false
python-versions = ">=3.7"

[package.dependencies]
MarkupSafe = ">=2.1.1"

[package.extras]
watchdog = ["watchdog"]

[metadata]
lock-version = "1.1"
python-versions = "^3.10"
content-hash = "c0859fb7f3b46eb84683896cc13733f7d610541777f2416f8db290076032d008"

[metadata.files]
arrow = []
atomicwrites = []
attrs = []
autopep8 = []
basemap = []
basemap-data = []
basemap-data-hires = []
black = []
bleach = []
bokeh = []
cartopy = []
certifi = []
charset-normalizer = []
click = [
    {file = "click-8.1.3-py3-none-any.whl", hash = "sha256:bb4d8133cb15a609f44e8213d9b391b0809795062913b383c62be0ee95b1db48"},
    {file = "click-8.1.3.tar.gz", hash = "sha256:7682dc8afb30297001674575ea00d1814d808d6a36af415a82bd481d37ba7b8e"},
]
colorama = []
colorcet = []
contourpy = []
cycler = [
    {file = "cycler-0.11.0-py3-none-any.whl", hash = "sha256:3a27e95f763a428a739d2add979fa7494c912a32c17c4c38c4d5f082cad165a3"},
    {file = "cycler-0.11.0.tar.gz", hash = "sha256:9c87405839a19696e837b3b818fed3f5f69f16f1eec1a1ad77e043dcea9c772f"},
]
flask = []
fonttools = []
geos = []
geoviews = []
holoviews = []
idna = []
itsdangerous = []
jinja2 = []
kiwisolver = []
lxml = []
markdown = []
markupsafe = []
matplotlib = []
more-itertools = []
mypy = []
mypy-extensions = []
numpy = []
packaging = []
pandas = []
panel = []
param = []
pathspec = []
pillow = []
platformdirs = []
pluggy = [
    {file = "pluggy-0.13.1-py2.py3-none-any.whl", hash = "sha256:966c145cd83c96502c3c3868f50408687b38434af77734af1e9ca461a4081d2d"},
    {file = "pluggy-0.13.1.tar.gz", hash = "sha256:15b2acde666561e1298d71b523007ed7364de07029219b604cf808bfa1c765b0"},
]
proj = []
py = [
    {file = "py-1.11.0-py2.py3-none-any.whl", hash = "sha256:607c53218732647dff4acdfcd50cb62615cedf612e72d1724fb1a0cc6405b378"},
    {file = "py-1.11.0.tar.gz", hash = "sha256:51c75c4126074b472f746a24399ad32f6053d1b34b68d2fa41e558e6f4a98719"},
]
pycodestyle = []
pyct = []
pyparsing = [
    {file = "pyparsing-3.0.9-py3-none-any.whl", hash = "sha256:5026bae9a10eeaefb61dab2f09052b9f4307d44aee4eda64b309723d8d206bbc"},
    {file = "pyparsing-3.0.9.tar.gz", hash = "sha256:2b020ecf7d21b687f219b71ecad3631f644a47f01403fa1d1036b0c6416d70fb"},
]
pyproj = []
pyshp = []
pytest = [
    {file = "pytest-5.4.3-py3-none-any.whl", hash = "sha256:5c0db86b698e8f170ba4582a492248919255fcd4c79b1ee64ace34301fb589a1"},
    {file = "pytest-5.4.3.tar.gz", hash = "sha256:7979331bfcba207414f5e1263b5a0f8f521d0f457318836a7355531ed1a4c7d8"},
]
python-dateutil = [
    {file = "python-dateutil-2.8.2.tar.gz", hash = "sha256:0123cacc1627ae19ddf3c27a5de5bd67ee4586fbdd6440d9748f8abb483d3e86"},
    {file = "python_dateutil-2.8.2-py2.py3-none-any.whl", hash = "sha256:961d03dc3453ebbc59dbdea9e4e11c5651520a876d0f4db161e8674aae935da9"},
]
pytz = []
pyviz-comms = []
pyyaml = []
requests = []
setuptools-scm = []
shapely = []
six = [
    {file = "six-1.16.0-py2.py3-none-any.whl", hash = "sha256:8abb2f1d86890a2dfb989f9a77cfcfd3e47c2a354b01111771326f8aa26e0254"},
    {file = "six-1.16.0.tar.gz", hash = "sha256:1e61c37477a1626458e36f7b1d82aa5c9b094fa4802892072e49de9c60c4c926"},
]
tomli = [
    {file = "tomli-2.0.1-py3-none-any.whl", hash = "sha256:939de3e7a6161af0c887ef91b7d41a53e7c5a1ca976325f429cb46ea9bc30ecc"},
    {file = "tomli-2.0.1.tar.gz", hash = "sha256:de526c12914f0c550d15924c62d72abc48d6fe7364aa87328337a31007fe8a4f"},
]
tornado = []
tqdm = []
typing-extensions = []
urllib3 = []
wcwidth = []
webencodings = []
werkzeug = []
